
Microsoft Visual Studio Solution File, Format Version 12.00
# Visual Studio Version 17
VisualStudioVersion = 17.5.33424.131
MinimumVisualStudioVersion = 10.0.40219.1
Project("{FAE04EC0-301F-11D3-BF4B-00C04F79EFBC}") = "boat-app-back", "boat-app-back\boat-app-back.csproj", "{7E90A382-61C4-49EE-B9C7-0012709179B0}"
EndProject
Global
	GlobalSection(SolutionConfigurationPlatforms) = preSolution
		Debug|Any CPU = Debug|Any CPU
		Release|Any CPU = Release|Any CPU
	EndGlobalSection
	GlobalSection(ProjectConfigurationPlatforms) = postSolution
		{7E90A382-61C4-49EE-B9C7-0012709179B0}.Debug|Any CPU.ActiveCfg = Debug|Any CPU
		{7E90A382-61C4-49EE-B9C7-0012709179B0}.Debug|Any CPU.Build.0 = Debug|Any CPU
		{7E90A382-61C4-49EE-B9C7-0012709179B0}.Release|Any CPU.ActiveCfg = Release|Any CPU
		{7E90A382-61C4-49EE-B9C7-0012709179B0}.Release|Any CPU.Build.0 = Release|Any CPU
	EndGlobalSection
	GlobalSection(SolutionProperties) = preSolution
		HideSolutionNode = FALSE
	EndGlobalSection
	GlobalSection(ExtensibilityGlobals) = postSolution
		SolutionGuid = {51CD4ECB-FE1C-4300-9B11-C946A880E114}
	EndGlobalSection
EndGlobal
